// !$*UTF8*$!
{
	archiveVersion = 1;
	classes = {
	};
	objectVersion = 50;
	objects = {

/* Begin PBXBuildFile section */
		43FAA6AEB583C408E91DDEEF /* libPods-65-app-third-app.a in Frameworks */ = {isa = PBXBuildFile; fileRef = 48C47EBE22205AD165E8BFA5 /* libPods-65-app-third-app.a */; };
		E7ED85482211CA8D007426D8 /* main.swift in Sources */ = {isa = PBXBuildFile; fileRef = E7ED85472211CA8D007426D8 /* main.swift */; };
		E7ED854F2211CB86007426D8 /* libAlamofire.a in Frameworks */ = {isa = PBXBuildFile; fileRef = E7ED854E2211CB86007426D8 /* libAlamofire.a */; };
		E7ED85512211CB8A007426D8 /* libSwiftyJSON.a in Frameworks */ = {isa = PBXBuildFile; fileRef = E7ED85502211CB8A007426D8 /* libSwiftyJSON.a */; };
/* End PBXBuildFile section */

/* Begin PBXCopyFilesBuildPhase section */
		E7ED85422211CA8D007426D8 /* CopyFiles */ = {
			isa = PBXCopyFilesBuildPhase;
			buildActionMask = 2147483647;
			dstPath = /usr/share/man/man1/;
			dstSubfolderSpec = 0;
			files = (
			);
			runOnlyForDeploymentPostprocessing = 1;
		};
/* End PBXCopyFilesBuildPhase section */

/* Begin PBXFileReference section */
		48C47EBE22205AD165E8BFA5 /* libPods-65-app-third-app.a */ = {isa = PBXFileReference; explicitFileType = archive.ar; includeInIndex = 0; path = "libPods-65-app-third-app.a"; sourceTree = BUILT_PRODUCTS_DIR; };
		82F247927D8C0DE715C6FDC3 /* Pods-65-app-third-app.release.xcconfig */ = {isa = PBXFileReference; includeInIndex = 1; lastKnownFileType = text.xcconfig; name = "Pods-65-app-third-app.release.xcconfig"; path = "Pods/Target Support Files/Pods-65-app-third-app/Pods-65-app-third-app.release.xcconfig"; sourceTree = "<group>"; };
		E7ED85442211CA8D007426D8 /* 65-app-third-app */ = {isa = PBXFileReference; explicitFileType = "compiled.mach-o.executable"; includeInIndex = 0; path = "65-app-third-app"; sourceTree = BUILT_PRODUCTS_DIR; };
		E7ED85472211CA8D007426D8 /* main.swift */ = {isa = PBXFileReference; lastKnownFileType = sourcecode.swift; path = main.swift; sourceTree = "<group>"; wrapsLines = 1; };
		E7ED854E2211CB86007426D8 /* libAlamofire.a */ = {isa = PBXFileReference; explicitFileType = archive.ar; path = libAlamofire.a; sourceTree = BUILT_PRODUCTS_DIR; };
		E7ED85502211CB8A007426D8 /* libSwiftyJSON.a */ = {isa = PBXFileReference; explicitFileType = archive.ar; path = libSwiftyJSON.a; sourceTree = BUILT_PRODUCTS_DIR; };
		ED92356FC4384C3F8C9CE9B7 /* Pods-65-app-third-app.debug.xcconfig */ = {isa = PBXFileReference; includeInIndex = 1; lastKnownFileType = text.xcconfig; name = "Pods-65-app-third-app.debug.xcconfig"; path = "Pods/Target Support Files/Pods-65-app-third-app/Pods-65-app-third-app.debug.xcconfig"; sourceTree = "<group>"; };
/* End PBXFileReference section */

/* Begin PBXFrameworksBuildPhase section */
		E7ED85412211CA8D007426D8 /* Frameworks */ = {
			isa = PBXFrameworksBuildPhase;
			buildActionMask = 2147483647;
			files = (
				E7ED85512211CB8A007426D8 /* libSwiftyJSON.a in Frameworks */,
				E7ED854F2211CB86007426D8 /* libAlamofire.a in Frameworks */,
				43FAA6AEB583C408E91DDEEF /* libPods-65-app-third-app.a in Frameworks */,
			);
			runOnlyForDeploymentPostprocessing = 0;
		};
/* End PBXFrameworksBuildPhase section */

/* Begin PBXGroup section */
		20358D021604C4D8F0ADF947 /* Frameworks */ = {
			isa = PBXGroup;
			children = (
				E7ED85502211CB8A007426D8 /* libSwiftyJSON.a */,
				E7ED854E2211CB86007426D8 /* libAlamofire.a */,
				48C47EBE22205AD165E8BFA5 /* libPods-65-app-third-app.a */,
			);
			name = Frameworks;
			sourceTree = "<group>";
		};
		D00F734062C24E516099141F /* Pods */ = {
			isa = PBXGroup;
			children = (
				ED92356FC4384C3F8C9CE9B7 /* Pods-65-app-third-app.debug.xcconfig */,
				82F247927D8C0DE715C6FDC3 /* Pods-65-app-third-app.release.xcconfig */,
			);
			name = Pods;
			sourceTree = "<group>";
		};
		E7ED853B2211CA8D007426D8 = {
			isa = PBXGroup;
			children = (
				E7ED85462211CA8D007426D8 /* 65-app-third-app */,
				E7ED85452211CA8D007426D8 /* Products */,
				D00F734062C24E516099141F /* Pods */,
				20358D021604C4D8F0ADF947 /* Frameworks */,
			);
			sourceTree = "<group>";
		};
		E7ED85452211CA8D007426D8 /* Products */ = {
			isa = PBXGroup;
			children = (
				E7ED85442211CA8D007426D8 /* 65-app-third-app */,
			);
			name = Products;
			sourceTree = "<group>";
		};
		E7ED85462211CA8D007426D8 /* 65-app-third-app */ = {
			isa = PBXGroup;
			children = (
				E7ED85472211CA8D007426D8 /* main.swift */,
			);
			path = "65-app-third-app";
			sourceTree = "<group>";
		};
/* End PBXGroup section */

/* Begin PBXNativeTarget section */
		E7ED85432211CA8D007426D8 /* 65-app-third-app */ = {
			isa = PBXNativeTarget;
			buildConfigurationList = E7ED854B2211CA8D007426D8 /* Build configuration list for PBXNativeTarget "65-app-third-app" */;
			buildPhases = (
				E24A86388FAC2DDFC9002042 /* [CP] Check Pods Manifest.lock */,
				E7ED85402211CA8D007426D8 /* Sources */,
				E7ED85412211CA8D007426D8 /* Frameworks */,
				E7ED85422211CA8D007426D8 /* CopyFiles */,
			);
			buildRules = (
			);
			dependencies = (
			);
			name = "65-app-third-app";
			productName = "65-app-third-app";
			productReference = E7ED85442211CA8D007426D8 /* 65-app-third-app */;
			productType = "com.apple.product-type.tool";
		};
/* End PBXNativeTarget section */

/* Begin PBXProject section */
		E7ED853C2211CA8D007426D8 /* Project object */ = {
			isa = PBXProject;
			attributes = {
				LastSwiftUpdateCheck = 1010;
				LastUpgradeCheck = 1010;
				ORGANIZATIONNAME = "Princess Max";
				TargetAttributes = {
					E7ED85432211CA8D007426D8 = {
						CreatedOnToolsVersion = 10.1;
						LastSwiftMigration = "";
					};
				};
			};
			buildConfigurationList = E7ED853F2211CA8D007426D8 /* Build configuration list for PBXProject "65-app-third-app" */;
			compatibilityVersion = "Xcode 9.3";
			developmentRegion = en;
			hasScannedForEncodings = 0;
			knownRegions = (
				en,
			);
			mainGroup = E7ED853B2211CA8D007426D8;
			productRefGroup = E7ED85452211CA8D007426D8 /* Products */;
			projectDirPath = "";
			projectRoot = "";
			targets = (
				E7ED85432211CA8D007426D8 /* 65-app-third-app */,
			);
		};
/* End PBXProject section */

/* Begin PBXShellScriptBuildPhase section */
		E24A86388FAC2DDFC9002042 /* [CP] Check Pods Manifest.lock */ = {
			isa = PBXShellScriptBuildPhase;
			buildActionMask = 2147483647;
			files = (
			);
			inputFileListPaths = (
			);
			inputPaths = (
				"${PODS_PODFILE_DIR_PATH}/Podfile.lock",
				"${PODS_ROOT}/Manifest.lock",
			);
			name = "[CP] Check Pods Manifest.lock";
			outputFileListPaths = (
			);
			outputPaths = (
				"$(DERIVED_FILE_DIR)/Pods-65-app-third-app-checkManifestLockResult.txt",
			);
			runOnlyForDeploymentPostprocessing = 0;
			shellPath = /bin/sh;
			shellScript = "diff \"${PODS_PODFILE_DIR_PATH}/Podfile.lock\" \"${PODS_ROOT}/Manifest.lock\" > /dev/null\nif [ $? != 0 ] ; then\n    # print error to STDERR\n    echo \"error: The sandbox is not in sync with the Podfile.lock. Run 'pod install' or update your CocoaPods installation.\" >&2\n    exit 1\nfi\n# This output is used by Xcode 'outputs' to avoid re-running this script phase.\necho \"SUCCESS\" > \"${SCRIPT_OUTPUT_FILE_0}\"\n";
			showEnvVarsInLog = 0;
		};
/* End PBXShellScriptBuildPhase section */

/* Begin PBXSourcesBuildPhase section */
		E7ED85402211CA8D007426D8 /* Sources */ = {
			isa = PBXSourcesBuildPhase;
			buildActionMask = 2147483647;
			files = (
				E7ED85482211CA8D007426D8 /* main.swift in Sources */,
			);
			runOnlyForDeploymentPostprocessing = 0;
		};
/* End PBXSourcesBuildPhase section */

/* Begin XCBuildConfiguration section */
		E7ED85492211CA8D007426D8 /* Debug */ = {
			isa = XCBuildConfiguration;
			buildSettings = {
				ALWAYS_SEARCH_USER_PATHS = NO;
				CLANG_ANALYZER_NONNULL = YES;
				CLANG_ANALYZER_NUMBER_OBJECT_CONVERSION = YES_AGGRESSIVE;
				CLANG_CXX_LANGUAGE_STANDARD = "gnu++14";
				CLANG_CXX_LIBRARY = "libc++";
				CLANG_ENABLE_MODULES = YES;
				CLANG_ENABLE_OBJC_ARC = YES;
				CLANG_ENABLE_OBJC_WEAK = YES;
				CLANG_WARN_BLOCK_CAPTURE_AUTORELEASING = YES;
				CLANG_WARN_BOOL_CONVERSION = YES;
				CLANG_WARN_COMMA = YES;
				CLANG_WARN_CONSTANT_CONVERSION = YES;
				CLANG_WARN_DEPRECATED_OBJC_IMPLEMENTATIONS = YES;
				CLANG_WARN_DIRECT_OBJC_ISA_USAGE = YES_ERROR;
				CLANG_WARN_DOCUMENTATION_COMMENTS = YES;
				CLANG_WARN_EMPTY_BODY = YES;
				CLANG_WARN_ENUM_CONVERSION = YES;
				CLANG_WARN_INFINITE_RECURSION = YES;
				CLANG_WARN_INT_CONVERSION = YES;
				CLANG_WARN_NON_LITERAL_NULL_CONVERSION = YES;
				CLANG_WARN_OBJC_IMPLICIT_RETAIN_SELF = YES;
				CLANG_WARN_OBJC_LITERAL_CONVERSION = YES;
				CLANG_WARN_OBJC_ROOT_CLASS = YES_ERROR;
				CLANG_WARN_RANGE_LOOP_ANALYSIS = YES;
				CLANG_WARN_STRICT_PROTOTYPES = YES;
				CLANG_WARN_SUSPICIOUS_MOVE = YES;
				CLANG_WARN_UNGUARDED_AVAILABILITY = YES_AGGRESSIVE;
				CLANG_WARN_UNREACHABLE_CODE = YES;
				CLANG_WARN__DUPLICATE_METHOD_MATCH = YES;
				CODE_SIGN_IDENTITY = "Mac Developer";
				COPY_PHASE_STRIP = NO;
				DEBUG_INFORMATION_FORMAT = dwarf;
				ENABLE_STRICT_OBJC_MSGSEND = YES;
				ENABLE_TESTABILITY = YES;
				GCC_C_LANGUAGE_STANDARD = gnu11;
				GCC_DYNAMIC_NO_PIC = NO;
				GCC_NO_COMMON_BLOCKS = YES;
				GCC_OPTIMIZATION_LEVEL = 0;
				GCC_PREPROCESSOR_DEFINITIONS = (
					"DEBUG=1",
					"$(inherited)",
				);
				GCC_WARN_64_TO_32_BIT_CONVERSION = YES;
				GCC_WARN_ABOUT_RETURN_TYPE = YES_ERROR;
				GCC_WARN_UNDECLARED_SELECTOR = YES;
				GCC_WARN_UNINITIALIZED_AUTOS = YES_AGGRESSIVE;
				GCC_WARN_UNUSED_FUNCTION = YES;
				GCC_WARN_UNUSED_VARIABLE = YES;
				MACOSX_DEPLOYMENT_TARGET = 10.13;
				MTL_ENABLE_DEBUG_INFO = INCLUDE_SOURCE;
				MTL_FAST_MATH = YES;
				ONLY_ACTIVE_ARCH = YES;
				SDKROOT = macosx;
				SWIFT_ACTIVE_COMPILATION_CONDITIONS = DEBUG;
				SWIFT_OPTIMIZATION_LEVEL = "-Onone";
			};
			name = Debug;
		};
		E7ED854A2211CA8D007426D8 /* Release */ = {
			isa = XCBuildConfiguration;
			buildSettings = {
				ALWAYS_SEARCH_USER_PATHS = NO;
				CLANG_ANALYZER_NONNULL = YES;
				CLANG_ANALYZER_NUMBER_OBJECT_CONVERSION = YES_AGGRESSIVE;
				CLANG_CXX_LANGUAGE_STANDARD = "gnu++14";
				CLANG_CXX_LIBRARY = "libc++";
				CLANG_ENABLE_MODULES = YES;
				CLANG_ENABLE_OBJC_ARC = YES;
				CLANG_ENABLE_OBJC_WEAK = YES;
				CLANG_WARN_BLOCK_CAPTURE_AUTORELEASING = YES;
				CLANG_WARN_BOOL_CONVERSION = YES;
				CLANG_WARN_COMMA = YES;
				CLANG_WARN_CONSTANT_CONVERSION = YES;
				CLANG_WARN_DEPRECATED_OBJC_IMPLEMENTATIONS = YES;
				CLANG_WARN_DIRECT_OBJC_ISA_USAGE = YES_ERROR;
				CLANG_WARN_DOCUMENTATION_COMMENTS = YES;
				CLANG_WARN_EMPTY_BODY = YES;
				CLANG_WARN_ENUM_CONVERSION = YES;
				CLANG_WARN_INFINITE_RECURSION = YES;
				CLANG_WARN_INT_CONVERSION = YES;
				CLANG_WARN_NON_LITERAL_NULL_CONVERSION = YES;
				CLANG_WARN_OBJC_IMPLICIT_RETAIN_SELF = YES;
				CLANG_WARN_OBJC_LITERAL_CONVERSION = YES;
				CLANG_WARN_OBJC_ROOT_CLASS = YES_ERROR;
				CLANG_WARN_RANGE_LOOP_ANALYSIS = YES;
				CLANG_WARN_STRICT_PROTOTYPES = YES;
				CLANG_WARN_SUSPICIOUS_MOVE = YES;
				CLANG_WARN_UNGUARDED_AVAILABILITY = YES_AGGRESSIVE;
				CLANG_WARN_UNREACHABLE_CODE = YES;
				CLANG_WARN__DUPLICATE_METHOD_MATCH = YES;
				CODE_SIGN_IDENTITY = "Mac Developer";
				COPY_PHASE_STRIP = NO;
				DEBUG_INFORMATION_FORMAT = "dwarf-with-dsym";
				ENABLE_NS_ASSERTIONS = NO;
				ENABLE_STRICT_OBJC_MSGSEND = YES;
				GCC_C_LANGUAGE_STANDARD = gnu11;
				GCC_NO_COMMON_BLOCKS = YES;
				GCC_WARN_64_TO_32_BIT_CONVERSION = YES;
				GCC_WARN_ABOUT_RETURN_TYPE = YES_ERROR;
				GCC_WARN_UNDECLARED_SELECTOR = YES;
				GCC_WARN_UNINITIALIZED_AUTOS = YES_AGGRESSIVE;
				GCC_WARN_UNUSED_FUNCTION = YES;
				GCC_WARN_UNUSED_VARIABLE = YES;
				MACOSX_DEPLOYMENT_TARGET = 10.13;
				MTL_ENABLE_DEBUG_INFO = NO;
				MTL_FAST_MATH = YES;
				SDKROOT = macosx;
				SWIFT_COMPILATION_MODE = wholemodule;
				SWIFT_OPTIMIZATION_LEVEL = "-O";
			};
			name = Release;
		};
		E7ED854C2211CA8D007426D8 /* Debug */ = {
			isa = XCBuildConfiguration;
			baseConfigurationReference = ED92356FC4384C3F8C9CE9B7 /* Pods-65-app-third-app.debug.xcconfig */;
			buildSettings = {
				CODE_SIGN_STYLE = Automatic;
				DEVELOPMENT_TEAM = F7HQJR66P4;
				PRODUCT_NAME = "$(TARGET_NAME)";
				SWIFT_VERSION = 3.0;
			};
			name = Debug;
		};
		E7ED854D2211CA8D007426D8 /* Release */ = {
			isa = XCBuildConfiguration;
			baseConfigurationReference = 82F247927D8C0DE715C6FDC3 /* Pods-65-app-third-app.release.xcconfig */;
			buildSettings = {
				CODE_SIGN_STYLE = Automatic;
				DEVELOPMENT_TEAM = F7HQJR66P4;
				PRODUCT_NAME = "$(TARGET_NAME)";
				SWIFT_VERSION = 3.0;
			};
			name = Release;
		};
/* End XCBuildConfiguration section */

/* Begin XCConfigurationList section */
		E7ED853F2211CA8D007426D8 /* Build configuration list for PBXProject "65-app-third-app" */ = {
			isa = XCConfigurationList;
			buildConfigurations = (
				E7ED85492211CA8D007426D8 /* Debug */,
				E7ED854A2211CA8D007426D8 /* Release */,
			);
			defaultConfigurationIsVisible = 0;
			defaultConfigurationName = Release;
		};
		E7ED854B2211CA8D007426D8 /* Build configuration list for PBXNativeTarget "65-app-third-app" */ = {
			isa = XCConfigurationList;
			buildConfigurations = (
				E7ED854C2211CA8D007426D8 /* Debug */,
				E7ED854D2211CA8D007426D8 /* Release */,
			);
			defaultConfigurationIsVisible = 0;
			defaultConfigurationName = Release;
		};
/* End XCConfigurationList section */
	};
	rootObject = E7ED853C2211CA8D007426D8 /* Project object */;
}
